
Microsoft Visual Studio Solution File, Format Version 12.00
# Visual Studio 2013
VisualStudioVersion = 12.0.21005.1
MinimumVisualStudioVersion = 10.0.40219.1
Project("{FAE04EC0-301F-11D3-BF4B-00C04F79EFBC}") = "05_Sum", "05_Sum\05_Sum.csproj", "{EC864AE0-836C-46E9-BEBA-414A832F5573}"
EndProject
Global
	GlobalSection(SolutionConfigurationPlatforms) = preSolution
		Debug|Any CPU = Debug|Any CPU
		Release|Any CPU = Release|Any CPU
	EndGlobalSection
	GlobalSection(ProjectConfigurationPlatforms) = postSolution
		{EC864AE0-836C-46E9-BEBA-414A832F5573}.Debug|Any CPU.ActiveCfg = Debug|Any CPU
		{EC864AE0-836C-46E9-BEBA-414A832F5573}.Debug|Any CPU.Build.0 = Debug|Any CPU
		{EC864AE0-836C-46E9-BEBA-414A832F5573}.Release|Any CPU.ActiveCfg = Release|Any CPU
		{EC864AE0-836C-46E9-BEBA-414A832F5573}.Release|Any CPU.Build.0 = Release|Any CPU
	EndGlobalSection
	GlobalSection(SolutionProperties) = preSolution
		HideSolutionNode = FALSE
	EndGlobalSection
EndGlobal
