
Microsoft Visual Studio Solution File, Format Version 12.00
# Visual Studio 2013
VisualStudioVersion = 12.0.21005.1
MinimumVisualStudioVersion = 10.0.40219.1
Project("{FAE04EC0-301F-11D3-BF4B-00C04F79EFBC}") = "06_RotateLeft", "06_RotateLeft\06_RotateLeft.csproj", "{D92F245E-DEF9-4832-9417-27B60DAF3071}"
EndProject
Global
	GlobalSection(SolutionConfigurationPlatforms) = preSolution
		Debug|Any CPU = Debug|Any CPU
		Release|Any CPU = Release|Any CPU
	EndGlobalSection
	GlobalSection(ProjectConfigurationPlatforms) = postSolution
		{D92F245E-DEF9-4832-9417-27B60DAF3071}.Debug|Any CPU.ActiveCfg = Debug|Any CPU
		{D92F245E-DEF9-4832-9417-27B60DAF3071}.Debug|Any CPU.Build.0 = Debug|Any CPU
		{D92F245E-DEF9-4832-9417-27B60DAF3071}.Release|Any CPU.ActiveCfg = Release|Any CPU
		{D92F245E-DEF9-4832-9417-27B60DAF3071}.Release|Any CPU.Build.0 = Release|Any CPU
	EndGlobalSection
	GlobalSection(SolutionProperties) = preSolution
		HideSolutionNode = FALSE
	EndGlobalSection
EndGlobal
