
Microsoft Visual Studio Solution File, Format Version 12.00
# Visual Studio 2013
VisualStudioVersion = 12.0.21005.1
MinimumVisualStudioVersion = 10.0.40219.1
Project("{FAE04EC0-301F-11D3-BF4B-00C04F79EFBC}") = "06_Makes10", "06_Makes10\06_Makes10.csproj", "{8F5BC1D2-10D1-4772-BECC-A167084F3A9A}"
EndProject
Global
	GlobalSection(SolutionConfigurationPlatforms) = preSolution
		Debug|Any CPU = Debug|Any CPU
		Release|Any CPU = Release|Any CPU
	EndGlobalSection
	GlobalSection(ProjectConfigurationPlatforms) = postSolution
		{8F5BC1D2-10D1-4772-BECC-A167084F3A9A}.Debug|Any CPU.ActiveCfg = Debug|Any CPU
		{8F5BC1D2-10D1-4772-BECC-A167084F3A9A}.Debug|Any CPU.Build.0 = Debug|Any CPU
		{8F5BC1D2-10D1-4772-BECC-A167084F3A9A}.Release|Any CPU.ActiveCfg = Release|Any CPU
		{8F5BC1D2-10D1-4772-BECC-A167084F3A9A}.Release|Any CPU.Build.0 = Release|Any CPU
	EndGlobalSection
	GlobalSection(SolutionProperties) = preSolution
		HideSolutionNode = FALSE
	EndGlobalSection
EndGlobal
