
Microsoft Visual Studio Solution File, Format Version 12.00
# Visual Studio 2013
VisualStudioVersion = 12.0.21005.1
MinimumVisualStudioVersion = 10.0.40219.1
Project("{FAE04EC0-301F-11D3-BF4B-00C04F79EFBC}") = "06__AlarmClock", "06__AlarmClock\06__AlarmClock.csproj", "{7A25E953-890D-493C-8269-30BCC5AE92EA}"
EndProject
Global
	GlobalSection(SolutionConfigurationPlatforms) = preSolution
		Debug|Any CPU = Debug|Any CPU
		Release|Any CPU = Release|Any CPU
	EndGlobalSection
	GlobalSection(ProjectConfigurationPlatforms) = postSolution
		{7A25E953-890D-493C-8269-30BCC5AE92EA}.Debug|Any CPU.ActiveCfg = Debug|Any CPU
		{7A25E953-890D-493C-8269-30BCC5AE92EA}.Debug|Any CPU.Build.0 = Debug|Any CPU
		{7A25E953-890D-493C-8269-30BCC5AE92EA}.Release|Any CPU.ActiveCfg = Release|Any CPU
		{7A25E953-890D-493C-8269-30BCC5AE92EA}.Release|Any CPU.Build.0 = Release|Any CPU
	EndGlobalSection
	GlobalSection(SolutionProperties) = preSolution
		HideSolutionNode = FALSE
	EndGlobalSection
EndGlobal
